
Microsoft Visual Studio Solution File, Format Version 12.00
# Visual Studio 15
VisualStudioVersion = 15.0.28010.2003
MinimumVisualStudioVersion = 10.0.40219.1
Project("{FAE04EC0-301F-11D3-BF4B-00C04F79EFBC}") = "VuePlanning", "VuePlanning\VuePlanning.csproj", "{B38CA141-6449-4BC7-8BD2-8EB5E17DA975}"
EndProject
Global
	GlobalSection(SolutionConfigurationPlatforms) = preSolution
		Debug|Any CPU = Debug|Any CPU
		Release|Any CPU = Release|Any CPU
	EndGlobalSection
	GlobalSection(ProjectConfigurationPlatforms) = postSolution
		{B38CA141-6449-4BC7-8BD2-8EB5E17DA975}.Debug|Any CPU.ActiveCfg = Debug|Any CPU
		{B38CA141-6449-4BC7-8BD2-8EB5E17DA975}.Debug|Any CPU.Build.0 = Debug|Any CPU
		{B38CA141-6449-4BC7-8BD2-8EB5E17DA975}.Release|Any CPU.ActiveCfg = Release|Any CPU
		{B38CA141-6449-4BC7-8BD2-8EB5E17DA975}.Release|Any CPU.Build.0 = Release|Any CPU
	EndGlobalSection
	GlobalSection(SolutionProperties) = preSolution
		HideSolutionNode = FALSE
	EndGlobalSection
	GlobalSection(ExtensibilityGlobals) = postSolution
		SolutionGuid = {B2BC734F-38CB-4BB0-8603-95E5A0A36879}
	EndGlobalSection
EndGlobal
